
Microsoft Visual Studio Solution File, Format Version 12.00
# Visual Studio 2017
Project("{FAE04EC0-301F-11D3-BF4B-00C04F79EFBC}") = "Google VR", "Google VR.csproj", "{F70E0B9D-9CD3-0A2B-B7C5-E4B713AC082C}"
EndProject
Project("{FAE04EC0-301F-11D3-BF4B-00C04F79EFBC}") = "Google VR.Editor", "Google VR.Editor.csproj", "{15277E48-5FD3-511B-5130-322901D3912C}"
EndProject
Global
	GlobalSection(SolutionConfigurationPlatforms) = preSolution
		Debug|Any CPU = Debug|Any CPU
		Release|Any CPU = Release|Any CPU
	EndGlobalSection
	GlobalSection(ProjectConfigurationPlatforms) = postSolution
		{F70E0B9D-9CD3-0A2B-B7C5-E4B713AC082C}.Debug|Any CPU.ActiveCfg = Debug|Any CPU
		{F70E0B9D-9CD3-0A2B-B7C5-E4B713AC082C}.Debug|Any CPU.Build.0 = Debug|Any CPU
		{F70E0B9D-9CD3-0A2B-B7C5-E4B713AC082C}.Release|Any CPU.ActiveCfg = Release|Any CPU
		{F70E0B9D-9CD3-0A2B-B7C5-E4B713AC082C}.Release|Any CPU.Build.0 = Release|Any CPU
		{15277E48-5FD3-511B-5130-322901D3912C}.Debug|Any CPU.ActiveCfg = Debug|Any CPU
		{15277E48-5FD3-511B-5130-322901D3912C}.Debug|Any CPU.Build.0 = Debug|Any CPU
		{15277E48-5FD3-511B-5130-322901D3912C}.Release|Any CPU.ActiveCfg = Release|Any CPU
		{15277E48-5FD3-511B-5130-322901D3912C}.Release|Any CPU.Build.0 = Release|Any CPU
	EndGlobalSection
	GlobalSection(SolutionProperties) = preSolution
		HideSolutionNode = FALSE
	EndGlobalSection
EndGlobal
